
Microsoft Visual Studio Solution File, Format Version 12.00
# Visual Studio Version 17
VisualStudioVersion = 17.8.34322.80
MinimumVisualStudioVersion = 10.0.40219.1
Project("{FAE04EC0-301F-11D3-BF4B-00C04F79EFBC}") = "FocalAgent", "FocalAgent\FocalAgent.csproj", "{49F9FA90-7606-4207-8557-FBBB13E102DE}"
EndProject
Global
	GlobalSection(SolutionConfigurationPlatforms) = preSolution
		Debug|Any CPU = Debug|Any CPU
		Release|Any CPU = Release|Any CPU
	EndGlobalSection
	GlobalSection(ProjectConfigurationPlatforms) = postSolution
		{49F9FA90-7606-4207-8557-FBBB13E102DE}.Debug|Any CPU.ActiveCfg = Debug|Any CPU
		{49F9FA90-7606-4207-8557-FBBB13E102DE}.Debug|Any CPU.Build.0 = Debug|Any CPU
		{49F9FA90-7606-4207-8557-FBBB13E102DE}.Release|Any CPU.ActiveCfg = Release|Any CPU
		{49F9FA90-7606-4207-8557-FBBB13E102DE}.Release|Any CPU.Build.0 = Release|Any CPU
	EndGlobalSection
	GlobalSection(SolutionProperties) = preSolution
		HideSolutionNode = FALSE
	EndGlobalSection
	GlobalSection(ExtensibilityGlobals) = postSolution
		SolutionGuid = {317045A5-F481-4AD4-B98E-62C10A295EFC}
	EndGlobalSection
EndGlobal
